// !$*UTF8*$!
{
	archiveVersion = 1;
	classes = {
	};
	objectVersion = 46;
	objects = {

/* Begin PBXBuildFile section */
		BA4C33D71BCF02B0005AA019 /* AppDelegate.swift in Sources */ = {isa = PBXBuildFile; fileRef = BA4C33D61BCF02B0005AA019 /* AppDelegate.swift */; };
		BA4C33D91BCF02B0005AA019 /* GameScene.sks in Resources */ = {isa = PBXBuildFile; fileRef = BA4C33D81BCF02B0005AA019 /* GameScene.sks */; };
		BA4C33DB1BCF02B0005AA019 /* GameScene.swift in Sources */ = {isa = PBXBuildFile; fileRef = BA4C33DA1BCF02B0005AA019 /* GameScene.swift */; };
		BA4C33DD1BCF02B0005AA019 /* GameViewController.swift in Sources */ = {isa = PBXBuildFile; fileRef = BA4C33DC1BCF02B0005AA019 /* GameViewController.swift */; };
		BA4C33E01BCF02B0005AA019 /* Main.storyboard in Resources */ = {isa = PBXBuildFile; fileRef = BA4C33DE1BCF02B0005AA019 /* Main.storyboard */; };
		BA4C33E21BCF02B0005AA019 /* Assets.xcassets in Resources */ = {isa = PBXBuildFile; fileRef = BA4C33E11BCF02B0005AA019 /* Assets.xcassets */; };
		BA4C33E51BCF02B0005AA019 /* LaunchScreen.storyboard in Resources */ = {isa = PBXBuildFile; fileRef = BA4C33E31BCF02B0005AA019 /* LaunchScreen.storyboard */; };
		BA4C33F01BCF02B0005AA019 /* gameoflifeTests.swift in Sources */ = {isa = PBXBuildFile; fileRef = BA4C33EF1BCF02B0005AA019 /* gameoflifeTests.swift */; };
		BA4C33FB1BCF02B0005AA019 /* gameoflifeUITests.swift in Sources */ = {isa = PBXBuildFile; fileRef = BA4C33FA1BCF02B0005AA019 /* gameoflifeUITests.swift */; };
		BA576E651BE1936B004446C8 /* background.png in Resources */ = {isa = PBXBuildFile; fileRef = BA576E641BE1936B004446C8 /* background.png */; settings = {ASSET_TAGS = (); }; };
		BA576E671BE196E8004446C8 /* grid.png in Resources */ = {isa = PBXBuildFile; fileRef = BA576E661BE196E8004446C8 /* grid.png */; settings = {ASSET_TAGS = (); }; };
		BAF45C931BE221B40029AACD /* pause.png in Resources */ = {isa = PBXBuildFile; fileRef = BAF45C911BE221B40029AACD /* pause.png */; settings = {ASSET_TAGS = (); }; };
		BAF45C941BE221B40029AACD /* play.png in Resources */ = {isa = PBXBuildFile; fileRef = BAF45C921BE221B40029AACD /* play.png */; settings = {ASSET_TAGS = (); }; };
		BAF45C971BE222040029AACD /* balloon.png in Resources */ = {isa = PBXBuildFile; fileRef = BAF45C951BE222040029AACD /* balloon.png */; settings = {ASSET_TAGS = (); }; };
		BAF45C981BE222040029AACD /* microscope.png in Resources */ = {isa = PBXBuildFile; fileRef = BAF45C961BE222040029AACD /* microscope.png */; settings = {ASSET_TAGS = (); }; };
		BAF45C9A1BE2292F0029AACD /* bubble.png in Resources */ = {isa = PBXBuildFile; fileRef = BAF45C991BE2292F0029AACD /* bubble.png */; settings = {ASSET_TAGS = (); }; };
		BAF45C9C1BE22BD20029AACD /* Tile.swift in Sources */ = {isa = PBXBuildFile; fileRef = BAF45C9B1BE22BD20029AACD /* Tile.swift */; settings = {ASSET_TAGS = (); }; };
/* End PBXBuildFile section */

/* Begin PBXContainerItemProxy section */
		BA4C33EC1BCF02B0005AA019 /* PBXContainerItemProxy */ = {
			isa = PBXContainerItemProxy;
			containerPortal = BA4C33CB1BCF02B0005AA019 /* Project object */;
			proxyType = 1;
			remoteGlobalIDString = BA4C33D21BCF02B0005AA019;
			remoteInfo = gameoflife;
		};
		BA4C33F71BCF02B0005AA019 /* PBXContainerItemProxy */ = {
			isa = PBXContainerItemProxy;
			containerPortal = BA4C33CB1BCF02B0005AA019 /* Project object */;
			proxyType = 1;
			remoteGlobalIDString = BA4C33D21BCF02B0005AA019;
			remoteInfo = gameoflife;
		};
/* End PBXContainerItemProxy section */

/* Begin PBXFileReference section */
		BA4C33D31BCF02B0005AA019 /* gameoflife.app */ = {isa = PBXFileReference; explicitFileType = wrapper.application; includeInIndex = 0; path = gameoflife.app; sourceTree = BUILT_PRODUCTS_DIR; };
		BA4C33D61BCF02B0005AA019 /* AppDelegate.swift */ = {isa = PBXFileReference; lastKnownFileType = sourcecode.swift; path = AppDelegate.swift; sourceTree = "<group>"; };
		BA4C33D81BCF02B0005AA019 /* GameScene.sks */ = {isa = PBXFileReference; lastKnownFileType = file.sks; path = GameScene.sks; sourceTree = "<group>"; };
		BA4C33DA1BCF02B0005AA019 /* GameScene.swift */ = {isa = PBXFileReference; lastKnownFileType = sourcecode.swift; path = GameScene.swift; sourceTree = "<group>"; };
		BA4C33DC1BCF02B0005AA019 /* GameViewController.swift */ = {isa = PBXFileReference; lastKnownFileType = sourcecode.swift; path = GameViewController.swift; sourceTree = "<group>"; };
		BA4C33DF1BCF02B0005AA019 /* Base */ = {isa = PBXFileReference; lastKnownFileType = file.storyboard; name = Base; path = Base.lproj/Main.storyboard; sourceTree = "<group>"; };
		BA4C33E11BCF02B0005AA019 /* Assets.xcassets */ = {isa = PBXFileReference; lastKnownFileType = folder.assetcatalog; path = Assets.xcassets; sourceTree = "<group>"; };
		BA4C33E41BCF02B0005AA019 /* Base */ = {isa = PBXFileReference; lastKnownFileType = file.storyboard; name = Base; path = Base.lproj/LaunchScreen.storyboard; sourceTree = "<group>"; };
		BA4C33E61BCF02B0005AA019 /* Info.plist */ = {isa = PBXFileReference; lastKnownFileType = text.plist.xml; path = Info.plist; sourceTree = "<group>"; };
		BA4C33EB1BCF02B0005AA019 /* gameoflifeTests.xctest */ = {isa = PBXFileReference; explicitFileType = wrapper.cfbundle; includeInIndex = 0; path = gameoflifeTests.xctest; sourceTree = BUILT_PRODUCTS_DIR; };
		BA4C33EF1BCF02B0005AA019 /* gameoflifeTests.swift */ = {isa = PBXFileReference; lastKnownFileType = sourcecode.swift; path = gameoflifeTests.swift; sourceTree = "<group>"; };
		BA4C33F11BCF02B0005AA019 /* Info.plist */ = {isa = PBXFileReference; lastKnownFileType = text.plist.xml; path = Info.plist; sourceTree = "<group>"; };
		BA4C33F61BCF02B0005AA019 /* gameoflifeUITests.xctest */ = {isa = PBXFileReference; explicitFileType = wrapper.cfbundle; includeInIndex = 0; path = gameoflifeUITests.xctest; sourceTree = BUILT_PRODUCTS_DIR; };
		BA4C33FA1BCF02B0005AA019 /* gameoflifeUITests.swift */ = {isa = PBXFileReference; lastKnownFileType = sourcecode.swift; path = gameoflifeUITests.swift; sourceTree = "<group>"; };
		BA4C33FC1BCF02B0005AA019 /* Info.plist */ = {isa = PBXFileReference; lastKnownFileType = text.plist.xml; path = Info.plist; sourceTree = "<group>"; };
		BA576E641BE1936B004446C8 /* background.png */ = {isa = PBXFileReference; lastKnownFileType = image.png; path = background.png; sourceTree = "<group>"; };
		BA576E661BE196E8004446C8 /* grid.png */ = {isa = PBXFileReference; lastKnownFileType = image.png; name = grid.png; path = gameoflife/grid.png; sourceTree = "<group>"; };
		BAF45C911BE221B40029AACD /* pause.png */ = {isa = PBXFileReference; lastKnownFileType = image.png; name = pause.png; path = gameoflife/pause.png; sourceTree = "<group>"; };
		BAF45C921BE221B40029AACD /* play.png */ = {isa = PBXFileReference; lastKnownFileType = image.png; name = play.png; path = gameoflife/play.png; sourceTree = "<group>"; };
		BAF45C951BE222040029AACD /* balloon.png */ = {isa = PBXFileReference; lastKnownFileType = image.png; name = balloon.png; path = gameoflife/balloon.png; sourceTree = "<group>"; };
		BAF45C961BE222040029AACD /* microscope.png */ = {isa = PBXFileReference; lastKnownFileType = image.png; name = microscope.png; path = gameoflife/microscope.png; sourceTree = "<group>"; };
		BAF45C991BE2292F0029AACD /* bubble.png */ = {isa = PBXFileReference; lastKnownFileType = image.png; name = bubble.png; path = gameoflife/bubble.png; sourceTree = "<group>"; };
		BAF45C9B1BE22BD20029AACD /* Tile.swift */ = {isa = PBXFileReference; fileEncoding = 4; lastKnownFileType = sourcecode.swift; path = Tile.swift; sourceTree = "<group>"; };
/* End PBXFileReference section */

/* Begin PBXFrameworksBuildPhase section */
		BA4C33D01BCF02B0005AA019 /* Frameworks */ = {
			isa = PBXFrameworksBuildPhase;
			buildActionMask = 2147483647;
			files = (
			);
			runOnlyForDeploymentPostprocessing = 0;
		};
		BA4C33E81BCF02B0005AA019 /* Frameworks */ = {
			isa = PBXFrameworksBuildPhase;
			buildActionMask = 2147483647;
			files = (
			);
			runOnlyForDeploymentPostprocessing = 0;
		};
		BA4C33F31BCF02B0005AA019 /* Frameworks */ = {
			isa = PBXFrameworksBuildPhase;
			buildActionMask = 2147483647;
			files = (
			);
			runOnlyForDeploymentPostprocessing = 0;
		};
/* End PBXFrameworksBuildPhase section */

/* Begin PBXGroup section */
		BA4C33CA1BCF02B0005AA019 = {
			isa = PBXGroup;
			children = (
				BABA0B271BE24D8F002452C2 /* images */,
				BA4C33D51BCF02B0005AA019 /* gameoflife */,
				BA4C33EE1BCF02B0005AA019 /* gameoflifeTests */,
				BA4C33F91BCF02B0005AA019 /* gameoflifeUITests */,
				BA4C33D41BCF02B0005AA019 /* Products */,
			);
			sourceTree = "<group>";
		};
		BA4C33D41BCF02B0005AA019 /* Products */ = {
			isa = PBXGroup;
			children = (
				BA4C33D31BCF02B0005AA019 /* gameoflife.app */,
				BA4C33EB1BCF02B0005AA019 /* gameoflifeTests.xctest */,
				BA4C33F61BCF02B0005AA019 /* gameoflifeUITests.xctest */,
			);
			name = Products;
			sourceTree = "<group>";
		};
		BA4C33D51BCF02B0005AA019 /* gameoflife */ = {
			isa = PBXGroup;
			children = (
				BAF45C9B1BE22BD20029AACD /* Tile.swift */,
				BA4C33D61BCF02B0005AA019 /* AppDelegate.swift */,
				BA4C33D81BCF02B0005AA019 /* GameScene.sks */,
				BA4C33DA1BCF02B0005AA019 /* GameScene.swift */,
				BA4C33DC1BCF02B0005AA019 /* GameViewController.swift */,
				BA4C33DE1BCF02B0005AA019 /* Main.storyboard */,
				BA4C33E11BCF02B0005AA019 /* Assets.xcassets */,
				BA4C33E31BCF02B0005AA019 /* LaunchScreen.storyboard */,
				BA4C33E61BCF02B0005AA019 /* Info.plist */,
			);
			path = gameoflife;
			sourceTree = "<group>";
		};
		BA4C33EE1BCF02B0005AA019 /* gameoflifeTests */ = {
			isa = PBXGroup;
			children = (
				BA4C33EF1BCF02B0005AA019 /* gameoflifeTests.swift */,
				BA4C33F11BCF02B0005AA019 /* Info.plist */,
			);
			path = gameoflifeTests;
			sourceTree = "<group>";
		};
		BA4C33F91BCF02B0005AA019 /* gameoflifeUITests */ = {
			isa = PBXGroup;
			children = (
				BA4C33FA1BCF02B0005AA019 /* gameoflifeUITests.swift */,
				BA4C33FC1BCF02B0005AA019 /* Info.plist */,
			);
			path = gameoflifeUITests;
			sourceTree = "<group>";
		};
		BABA0B271BE24D8F002452C2 /* images */ = {
			isa = PBXGroup;
			children = (
				BA576E641BE1936B004446C8 /* background.png */,
				BA576E661BE196E8004446C8 /* grid.png */,
				BAF45C911BE221B40029AACD /* pause.png */,
				BAF45C921BE221B40029AACD /* play.png */,
				BAF45C951BE222040029AACD /* balloon.png */,
				BAF45C961BE222040029AACD /* microscope.png */,
				BAF45C991BE2292F0029AACD /* bubble.png */,
			);
			name = images;
			sourceTree = "<group>";
		};
/* End PBXGroup section */

/* Begin PBXNativeTarget section */
		BA4C33D21BCF02B0005AA019 /* gameoflife */ = {
			isa = PBXNativeTarget;
			buildConfigurationList = BA4C33FF1BCF02B0005AA019 /* Build configuration list for PBXNativeTarget "gameoflife" */;
			buildPhases = (
				BA4C33CF1BCF02B0005AA019 /* Sources */,
				BA4C33D01BCF02B0005AA019 /* Frameworks */,
				BA4C33D11BCF02B0005AA019 /* Resources */,
			);
			buildRules = (
			);
			dependencies = (
			);
			name = gameoflife;
			productName = gameoflife;
			productReference = BA4C33D31BCF02B0005AA019 /* gameoflife.app */;
			productType = "com.apple.product-type.application";
		};
		BA4C33EA1BCF02B0005AA019 /* gameoflifeTests */ = {
			isa = PBXNativeTarget;
			buildConfigurationList = BA4C34021BCF02B0005AA019 /* Build configuration list for PBXNativeTarget "gameoflifeTests" */;
			buildPhases = (
				BA4C33E71BCF02B0005AA019 /* Sources */,
				BA4C33E81BCF02B0005AA019 /* Frameworks */,
				BA4C33E91BCF02B0005AA019 /* Resources */,
			);
			buildRules = (
			);
			dependencies = (
				BA4C33ED1BCF02B0005AA019 /* PBXTargetDependency */,
			);
			name = gameoflifeTests;
			productName = gameoflifeTests;
			productReference = BA4C33EB1BCF02B0005AA019 /* gameoflifeTests.xctest */;
			productType = "com.apple.product-type.bundle.unit-test";
		};
		BA4C33F51BCF02B0005AA019 /* gameoflifeUITests */ = {
			isa = PBXNativeTarget;
			buildConfigurationList = BA4C34051BCF02B0005AA019 /* Build configuration list for PBXNativeTarget "gameoflifeUITests" */;
			buildPhases = (
				BA4C33F21BCF02B0005AA019 /* Sources */,
				BA4C33F31BCF02B0005AA019 /* Frameworks */,
				BA4C33F41BCF02B0005AA019 /* Resources */,
			);
			buildRules = (
			);
			dependencies = (
				BA4C33F81BCF02B0005AA019 /* PBXTargetDependency */,
			);
			name = gameoflifeUITests;
			productName = gameoflifeUITests;
			productReference = BA4C33F61BCF02B0005AA019 /* gameoflifeUITests.xctest */;
			productType = "com.apple.product-type.bundle.ui-testing";
		};
/* End PBXNativeTarget section */

/* Begin PBXProject section */
		BA4C33CB1BCF02B0005AA019 /* Project object */ = {
			isa = PBXProject;
			attributes = {
				LastUpgradeCheck = 0700;
				ORGANIZATIONNAME = "Sávio Resende";
				TargetAttributes = {
					BA4C33D21BCF02B0005AA019 = {
						CreatedOnToolsVersion = 7.0.1;
						DevelopmentTeam = LXWC458YHY;
					};
					BA4C33EA1BCF02B0005AA019 = {
						CreatedOnToolsVersion = 7.0.1;
						DevelopmentTeam = LXWC458YHY;
						TestTargetID = BA4C33D21BCF02B0005AA019;
					};
					BA4C33F51BCF02B0005AA019 = {
						CreatedOnToolsVersion = 7.0.1;
						DevelopmentTeam = LXWC458YHY;
						TestTargetID = BA4C33D21BCF02B0005AA019;
					};
				};
			};
			buildConfigurationList = BA4C33CE1BCF02B0005AA019 /* Build configuration list for PBXProject "gameoflife" */;
			compatibilityVersion = "Xcode 3.2";
			developmentRegion = English;
			hasScannedForEncodings = 0;
			knownRegions = (
				en,
				Base,
			);
			mainGroup = BA4C33CA1BCF02B0005AA019;
			productRefGroup = BA4C33D41BCF02B0005AA019 /* Products */;
			projectDirPath = "";
			projectRoot = "";
			targets = (
				BA4C33D21BCF02B0005AA019 /* gameoflife */,
				BA4C33EA1BCF02B0005AA019 /* gameoflifeTests */,
				BA4C33F51BCF02B0005AA019 /* gameoflifeUITests */,
			);
		};
/* End PBXProject section */

/* Begin PBXResourcesBuildPhase section */
		BA4C33D11BCF02B0005AA019 /* Resources */ = {
			isa = PBXResourcesBuildPhase;
			buildActionMask = 2147483647;
			files = (
				BA4C33D91BCF02B0005AA019 /* GameScene.sks in Resources */,
				BAF45C941BE221B40029AACD /* play.png in Resources */,
				BA576E651BE1936B004446C8 /* background.png in Resources */,
				BAF45C971BE222040029AACD /* balloon.png in Resources */,
				BA4C33E51BCF02B0005AA019 /* LaunchScreen.storyboard in Resources */,
				BAF45C981BE222040029AACD /* microscope.png in Resources */,
				BAF45C931BE221B40029AACD /* pause.png in Resources */,
				BA4C33E21BCF02B0005AA019 /* Assets.xcassets in Resources */,
				BA4C33E01BCF02B0005AA019 /* Main.storyboard in Resources */,
				BAF45C9A1BE2292F0029AACD /* bubble.png in Resources */,
				BA576E671BE196E8004446C8 /* grid.png in Resources */,
			);
			runOnlyForDeploymentPostprocessing = 0;
		};
		BA4C33E91BCF02B0005AA019 /* Resources */ = {
			isa = PBXResourcesBuildPhase;
			buildActionMask = 2147483647;
			files = (
			);
			runOnlyForDeploymentPostprocessing = 0;
		};
		BA4C33F41BCF02B0005AA019 /* Resources */ = {
			isa = PBXResourcesBuildPhase;
			buildActionMask = 2147483647;
			files = (
			);
			runOnlyForDeploymentPostprocessing = 0;
		};
/* End PBXResourcesBuildPhase section */

/* Begin PBXSourcesBuildPhase section */
		BA4C33CF1BCF02B0005AA019 /* Sources */ = {
			isa = PBXSourcesBuildPhase;
			buildActionMask = 2147483647;
			files = (
				BA4C33DB1BCF02B0005AA019 /* GameScene.swift in Sources */,
				BA4C33DD1BCF02B0005AA019 /* GameViewController.swift in Sources */,
				BA4C33D71BCF02B0005AA019 /* AppDelegate.swift in Sources */,
				BAF45C9C1BE22BD20029AACD /* Tile.swift in Sources */,
			);
			runOnlyForDeploymentPostprocessing = 0;
		};
		BA4C33E71BCF02B0005AA019 /* Sources */ = {
			isa = PBXSourcesBuildPhase;
			buildActionMask = 2147483647;
			files = (
				BA4C33F01BCF02B0005AA019 /* gameoflifeTests.swift in Sources */,
			);
			runOnlyForDeploymentPostprocessing = 0;
		};
		BA4C33F21BCF02B0005AA019 /* Sources */ = {
			isa = PBXSourcesBuildPhase;
			buildActionMask = 2147483647;
			files = (
				BA4C33FB1BCF02B0005AA019 /* gameoflifeUITests.swift in Sources */,
			);
			runOnlyForDeploymentPostprocessing = 0;
		};
/* End PBXSourcesBuildPhase section */

/* Begin PBXTargetDependency section */
		BA4C33ED1BCF02B0005AA019 /* PBXTargetDependency */ = {
			isa = PBXTargetDependency;
			target = BA4C33D21BCF02B0005AA019 /* gameoflife */;
			targetProxy = BA4C33EC1BCF02B0005AA019 /* PBXContainerItemProxy */;
		};
		BA4C33F81BCF02B0005AA019 /* PBXTargetDependency */ = {
			isa = PBXTargetDependency;
			target = BA4C33D21BCF02B0005AA019 /* gameoflife */;
			targetProxy = BA4C33F71BCF02B0005AA019 /* PBXContainerItemProxy */;
		};
/* End PBXTargetDependency section */

/* Begin PBXVariantGroup section */
		BA4C33DE1BCF02B0005AA019 /* Main.storyboard */ = {
			isa = PBXVariantGroup;
			children = (
				BA4C33DF1BCF02B0005AA019 /* Base */,
			);
			name = Main.storyboard;
			sourceTree = "<group>";
		};
		BA4C33E31BCF02B0005AA019 /* LaunchScreen.storyboard */ = {
			isa = PBXVariantGroup;
			children = (
				BA4C33E41BCF02B0005AA019 /* Base */,
			);
			name = LaunchScreen.storyboard;
			sourceTree = "<group>";
		};
/* End PBXVariantGroup section */

/* Begin XCBuildConfiguration section */
		BA4C33FD1BCF02B0005AA019 /* Debug */ = {
			isa = XCBuildConfiguration;
			buildSettings = {
				ALWAYS_SEARCH_USER_PATHS = NO;
				CLANG_CXX_LANGUAGE_STANDARD = "gnu++0x";
				CLANG_CXX_LIBRARY = "libc++";
				CLANG_ENABLE_MODULES = YES;
				CLANG_ENABLE_OBJC_ARC = YES;
				CLANG_WARN_BOOL_CONVERSION = YES;
				CLANG_WARN_CONSTANT_CONVERSION = YES;
				CLANG_WARN_DIRECT_OBJC_ISA_USAGE = YES_ERROR;
				CLANG_WARN_EMPTY_BODY = YES;
				CLANG_WARN_ENUM_CONVERSION = YES;
				CLANG_WARN_INT_CONVERSION = YES;
				CLANG_WARN_OBJC_ROOT_CLASS = YES_ERROR;
				CLANG_WARN_UNREACHABLE_CODE = YES;
				CLANG_WARN__DUPLICATE_METHOD_MATCH = YES;
				"CODE_SIGN_IDENTITY[sdk=iphoneos*]" = "iPhone Developer";
				COPY_PHASE_STRIP = NO;
				DEBUG_INFORMATION_FORMAT = "dwarf-with-dsym";
				ENABLE_STRICT_OBJC_MSGSEND = YES;
				ENABLE_TESTABILITY = YES;
				GCC_C_LANGUAGE_STANDARD = gnu99;
				GCC_DYNAMIC_NO_PIC = NO;
				GCC_NO_COMMON_BLOCKS = YES;
				GCC_OPTIMIZATION_LEVEL = 0;
				GCC_PREPROCESSOR_DEFINITIONS = (
					"DEBUG=1",
					"$(inherited)",
				);
				GCC_WARN_64_TO_32_BIT_CONVERSION = YES;
				GCC_WARN_ABOUT_RETURN_TYPE = YES_ERROR;
				GCC_WARN_UNDECLARED_SELECTOR = YES;
				GCC_WARN_UNINITIALIZED_AUTOS = YES_AGGRESSIVE;
				GCC_WARN_UNUSED_FUNCTION = YES;
				GCC_WARN_UNUSED_VARIABLE = YES;
				IPHONEOS_DEPLOYMENT_TARGET = 9.0;
				MTL_ENABLE_DEBUG_INFO = YES;
				ONLY_ACTIVE_ARCH = YES;
				SDKROOT = iphoneos;
				SWIFT_OPTIMIZATION_LEVEL = "-Onone";
			};
			name = Debug;
		};
		BA4C33FE1BCF02B0005AA019 /* Release */ = {
			isa = XCBuildConfiguration;
			buildSettings = {
				ALWAYS_SEARCH_USER_PATHS = NO;
				CLANG_CXX_LANGUAGE_STANDARD = "gnu++0x";
				CLANG_CXX_LIBRARY = "libc++";
				CLANG_ENABLE_MODULES = YES;
				CLANG_ENABLE_OBJC_ARC = YES;
				CLANG_WARN_BOOL_CONVERSION = YES;
				CLANG_WARN_CONSTANT_CONVERSION = YES;
				CLANG_WARN_DIRECT_OBJC_ISA_USAGE = YES_ERROR;
				CLANG_WARN_EMPTY_BODY = YES;
				CLANG_WARN_ENUM_CONVERSION = YES;
				CLANG_WARN_INT_CONVERSION = YES;
				CLANG_WARN_OBJC_ROOT_CLASS = YES_ERROR;
				CLANG_WARN_UNREACHABLE_CODE = YES;
				CLANG_WARN__DUPLICATE_METHOD_MATCH = YES;
				"CODE_SIGN_IDENTITY[sdk=iphoneos*]" = "iPhone Developer";
				COPY_PHASE_STRIP = NO;
				DEBUG_INFORMATION_FORMAT = "dwarf-with-dsym";
				ENABLE_NS_ASSERTIONS = NO;
				ENABLE_STRICT_OBJC_MSGSEND = YES;
				GCC_C_LANGUAGE_STANDARD = gnu99;
				GCC_NO_COMMON_BLOCKS = YES;
				GCC_WARN_64_TO_32_BIT_CONVERSION = YES;
				GCC_WARN_ABOUT_RETURN_TYPE = YES_ERROR;
				GCC_WARN_UNDECLARED_SELECTOR = YES;
				GCC_WARN_UNINITIALIZED_AUTOS = YES_AGGRESSIVE;
				GCC_WARN_UNUSED_FUNCTION = YES;
				GCC_WARN_UNUSED_VARIABLE = YES;
				IPHONEOS_DEPLOYMENT_TARGET = 9.0;
				MTL_ENABLE_DEBUG_INFO = NO;
				SDKROOT = iphoneos;
				VALIDATE_PRODUCT = YES;
			};
			name = Release;
		};
		BA4C34001BCF02B0005AA019 /* Debug */ = {
			isa = XCBuildConfiguration;
			buildSettings = {
				ASSETCATALOG_COMPILER_APPICON_NAME = AppIcon;
				INFOPLIST_FILE = gameoflife/Info.plist;
				LD_RUNPATH_SEARCH_PATHS = "$(inherited) @executable_path/Frameworks";
				PRODUCT_BUNDLE_IDENTIFIER = masa.gameoflife;
				PRODUCT_NAME = "$(TARGET_NAME)";
			};
			name = Debug;
		};
		BA4C34011BCF02B0005AA019 /* Release */ = {
			isa = XCBuildConfiguration;
			buildSettings = {
				ASSETCATALOG_COMPILER_APPICON_NAME = AppIcon;
				INFOPLIST_FILE = gameoflife/Info.plist;
				LD_RUNPATH_SEARCH_PATHS = "$(inherited) @executable_path/Frameworks";
				PRODUCT_BUNDLE_IDENTIFIER = masa.gameoflife;
				PRODUCT_NAME = "$(TARGET_NAME)";
			};
			name = Release;
		};
		BA4C34031BCF02B0005AA019 /* Debug */ = {
			isa = XCBuildConfiguration;
			buildSettings = {
				BUNDLE_LOADER = "$(TEST_HOST)";
				DEBUG_INFORMATION_FORMAT = dwarf;
				INFOPLIST_FILE = gameoflifeTests/Info.plist;
				LD_RUNPATH_SEARCH_PATHS = "$(inherited) @executable_path/Frameworks @loader_path/Frameworks";
				PRODUCT_BUNDLE_IDENTIFIER = masa.gameoflifeTests;
				PRODUCT_NAME = "$(TARGET_NAME)";
				TEST_HOST = "$(BUILT_PRODUCTS_DIR)/gameoflife.app/gameoflife";
			};
			name = Debug;
		};
		BA4C34041BCF02B0005AA019 /* Release */ = {
			isa = XCBuildConfiguration;
			buildSettings = {
				BUNDLE_LOADER = "$(TEST_HOST)";
				INFOPLIST_FILE = gameoflifeTests/Info.plist;
				LD_RUNPATH_SEARCH_PATHS = "$(inherited) @executable_path/Frameworks @loader_path/Frameworks";
				PRODUCT_BUNDLE_IDENTIFIER = masa.gameoflifeTests;
				PRODUCT_NAME = "$(TARGET_NAME)";
				TEST_HOST = "$(BUILT_PRODUCTS_DIR)/gameoflife.app/gameoflife";
			};
			name = Release;
		};
		BA4C34061BCF02B0005AA019 /* Debug */ = {
			isa = XCBuildConfiguration;
			buildSettings = {
				DEBUG_INFORMATION_FORMAT = dwarf;
				INFOPLIST_FILE = gameoflifeUITests/Info.plist;
				LD_RUNPATH_SEARCH_PATHS = "$(inherited) @executable_path/Frameworks @loader_path/Frameworks";
				PRODUCT_BUNDLE_IDENTIFIER = masa.gameoflifeUITests;
				PRODUCT_NAME = "$(TARGET_NAME)";
				TEST_TARGET_NAME = gameoflife;
				USES_XCTRUNNER = YES;
			};
			name = Debug;
		};
		BA4C34071BCF02B0005AA019 /* Release */ = {
			isa = XCBuildConfiguration;
			buildSettings = {
				INFOPLIST_FILE = gameoflifeUITests/Info.plist;
				LD_RUNPATH_SEARCH_PATHS = "$(inherited) @executable_path/Frameworks @loader_path/Frameworks";
				PRODUCT_BUNDLE_IDENTIFIER = masa.gameoflifeUITests;
				PRODUCT_NAME = "$(TARGET_NAME)";
				TEST_TARGET_NAME = gameoflife;
				USES_XCTRUNNER = YES;
			};
			name = Release;
		};
/* End XCBuildConfiguration section */

/* Begin XCConfigurationList section */
		BA4C33CE1BCF02B0005AA019 /* Build configuration list for PBXProject "gameoflife" */ = {
			isa = XCConfigurationList;
			buildConfigurations = (
				BA4C33FD1BCF02B0005AA019 /* Debug */,
				BA4C33FE1BCF02B0005AA019 /* Release */,
			);
			defaultConfigurationIsVisible = 0;
			defaultConfigurationName = Release;
		};
		BA4C33FF1BCF02B0005AA019 /* Build configuration list for PBXNativeTarget "gameoflife" */ = {
			isa = XCConfigurationList;
			buildConfigurations = (
				BA4C34001BCF02B0005AA019 /* Debug */,
				BA4C34011BCF02B0005AA019 /* Release */,
			);
			defaultConfigurationIsVisible = 0;
			defaultConfigurationName = Release;
		};
		BA4C34021BCF02B0005AA019 /* Build configuration list for PBXNativeTarget "gameoflifeTests" */ = {
			isa = XCConfigurationList;
			buildConfigurations = (
				BA4C34031BCF02B0005AA019 /* Debug */,
				BA4C34041BCF02B0005AA019 /* Release */,
			);
			defaultConfigurationIsVisible = 0;
			defaultConfigurationName = Release;
		};
		BA4C34051BCF02B0005AA019 /* Build configuration list for PBXNativeTarget "gameoflifeUITests" */ = {
			isa = XCConfigurationList;
			buildConfigurations = (
				BA4C34061BCF02B0005AA019 /* Debug */,
				BA4C34071BCF02B0005AA019 /* Release */,
			);
			defaultConfigurationIsVisible = 0;
			defaultConfigurationName = Release;
		};
/* End XCConfigurationList section */
	};
	rootObject = BA4C33CB1BCF02B0005AA019 /* Project object */;
}
